// !$*UTF8*$!
{
	archiveVersion = 1;
	classes = {
	};
	objectVersion = 48;
	objects = {

/* Begin PBXBuildFile section */
		3B2D5E7820AB1943009CBE47 /* AppDelegate.swift in Sources */ = {isa = PBXBuildFile; fileRef = 3B2D5E7720AB1943009CBE47 /* AppDelegate.swift */; };
		3B2D5E7A20AB1943009CBE47 /* ViewController.swift in Sources */ = {isa = PBXBuildFile; fileRef = 3B2D5E7920AB1943009CBE47 /* ViewController.swift */; };
		3B2D5E7D20AB1943009CBE47 /* Main.storyboard in Resources */ = {isa = PBXBuildFile; fileRef = 3B2D5E7B20AB1943009CBE47 /* Main.storyboard */; };
		3B2D5E8220AB1943009CBE47 /* Assets.xcassets in Resources */ = {isa = PBXBuildFile; fileRef = 3B2D5E8120AB1943009CBE47 /* Assets.xcassets */; };
		3B2D5E8520AB1943009CBE47 /* LaunchScreen.storyboard in Resources */ = {isa = PBXBuildFile; fileRef = 3B2D5E8320AB1943009CBE47 /* LaunchScreen.storyboard */; };
		3B2D5E8D20AB195E009CBE47 /* PlayingCard.swift in Sources */ = {isa = PBXBuildFile; fileRef = 3B2D5E8C20AB195E009CBE47 /* PlayingCard.swift */; };
		3B2D5E8F20AB1E7F009CBE47 /* PlayingCardDeck.swift in Sources */ = {isa = PBXBuildFile; fileRef = 3B2D5E8E20AB1E7F009CBE47 /* PlayingCardDeck.swift */; };
		3B2D5E9220B30A48009CBE47 /* PlayingCardView.swift in Sources */ = {isa = PBXBuildFile; fileRef = 3B2D5E9120B30A48009CBE47 /* PlayingCardView.swift */; };
		3B2D5E9620B5768C009CBE47 /* NewPlayingCardViewController.swift in Sources */ = {isa = PBXBuildFile; fileRef = 3B2D5E9520B5768C009CBE47 /* NewPlayingCardViewController.swift */; };
		3B2D5E9A20B5909D009CBE47 /* CardBehavior.swift in Sources */ = {isa = PBXBuildFile; fileRef = 3B2D5E9920B5909D009CBE47 /* CardBehavior.swift */; };
		3B39A2FD20C4DF260052ECFE /* CMMotionManager+shared.swift in Sources */ = {isa = PBXBuildFile; fileRef = 3B39A2FC20C4DF260052ECFE /* CMMotionManager+shared.swift */; };
/* End PBXBuildFile section */

/* Begin PBXFileReference section */
		3B2D5E7420AB1943009CBE47 /* PlayingCard.app */ = {isa = PBXFileReference; explicitFileType = wrapper.application; includeInIndex = 0; path = PlayingCard.app; sourceTree = BUILT_PRODUCTS_DIR; };
		3B2D5E7720AB1943009CBE47 /* AppDelegate.swift */ = {isa = PBXFileReference; lastKnownFileType = sourcecode.swift; path = AppDelegate.swift; sourceTree = "<group>"; };
		3B2D5E7920AB1943009CBE47 /* ViewController.swift */ = {isa = PBXFileReference; lastKnownFileType = sourcecode.swift; path = ViewController.swift; sourceTree = "<group>"; };
		3B2D5E7C20AB1943009CBE47 /* Base */ = {isa = PBXFileReference; lastKnownFileType = file.storyboard; name = Base; path = Base.lproj/Main.storyboard; sourceTree = "<group>"; };
		3B2D5E8120AB1943009CBE47 /* Assets.xcassets */ = {isa = PBXFileReference; lastKnownFileType = folder.assetcatalog; path = Assets.xcassets; sourceTree = "<group>"; };
		3B2D5E8420AB1943009CBE47 /* Base */ = {isa = PBXFileReference; lastKnownFileType = file.storyboard; name = Base; path = Base.lproj/LaunchScreen.storyboard; sourceTree = "<group>"; };
		3B2D5E8620AB1943009CBE47 /* Info.plist */ = {isa = PBXFileReference; lastKnownFileType = text.plist.xml; path = Info.plist; sourceTree = "<group>"; };
		3B2D5E8C20AB195E009CBE47 /* PlayingCard.swift */ = {isa = PBXFileReference; lastKnownFileType = sourcecode.swift; path = PlayingCard.swift; sourceTree = "<group>"; };
		3B2D5E8E20AB1E7F009CBE47 /* PlayingCardDeck.swift */ = {isa = PBXFileReference; lastKnownFileType = sourcecode.swift; path = PlayingCardDeck.swift; sourceTree = "<group>"; };
		3B2D5E9120B30A48009CBE47 /* PlayingCardView.swift */ = {isa = PBXFileReference; lastKnownFileType = sourcecode.swift; path = PlayingCardView.swift; sourceTree = "<group>"; };
		3B2D5E9520B5768C009CBE47 /* NewPlayingCardViewController.swift */ = {isa = PBXFileReference; lastKnownFileType = sourcecode.swift; path = NewPlayingCardViewController.swift; sourceTree = "<group>"; };
		3B2D5E9920B5909D009CBE47 /* CardBehavior.swift */ = {isa = PBXFileReference; lastKnownFileType = sourcecode.swift; path = CardBehavior.swift; sourceTree = "<group>"; };
		3B39A2FC20C4DF260052ECFE /* CMMotionManager+shared.swift */ = {isa = PBXFileReference; lastKnownFileType = sourcecode.swift; path = "CMMotionManager+shared.swift"; sourceTree = "<group>"; };
/* End PBXFileReference section */

/* Begin PBXFrameworksBuildPhase section */
		3B2D5E7120AB1943009CBE47 /* Frameworks */ = {
			isa = PBXFrameworksBuildPhase;
			buildActionMask = 2147483647;
			files = (
			);
			runOnlyForDeploymentPostprocessing = 0;
		};
/* End PBXFrameworksBuildPhase section */

/* Begin PBXGroup section */
		3B2D5E6B20AB1943009CBE47 = {
			isa = PBXGroup;
			children = (
				3B2D5E7620AB1943009CBE47 /* PlayingCard */,
				3B2D5E7520AB1943009CBE47 /* Products */,
			);
			sourceTree = "<group>";
		};
		3B2D5E7520AB1943009CBE47 /* Products */ = {
			isa = PBXGroup;
			children = (
				3B2D5E7420AB1943009CBE47 /* PlayingCard.app */,
			);
			name = Products;
			sourceTree = "<group>";
		};
		3B2D5E7620AB1943009CBE47 /* PlayingCard */ = {
			isa = PBXGroup;
			children = (
				3B2D5E9020B2FDF5009CBE47 /* SupportingFiles */,
				3B2D5E7920AB1943009CBE47 /* ViewController.swift */,
				3B2D5E9520B5768C009CBE47 /* NewPlayingCardViewController.swift */,
				3B2D5E7B20AB1943009CBE47 /* Main.storyboard */,
				3B2D5E8120AB1943009CBE47 /* Assets.xcassets */,
				3B2D5E8620AB1943009CBE47 /* Info.plist */,
				3B2D5E8C20AB195E009CBE47 /* PlayingCard.swift */,
				3B2D5E8E20AB1E7F009CBE47 /* PlayingCardDeck.swift */,
				3B2D5E9120B30A48009CBE47 /* PlayingCardView.swift */,
				3B2D5E9920B5909D009CBE47 /* CardBehavior.swift */,
				3B39A2FC20C4DF260052ECFE /* CMMotionManager+shared.swift */,
			);
			path = PlayingCard;
			sourceTree = "<group>";
		};
		3B2D5E9020B2FDF5009CBE47 /* SupportingFiles */ = {
			isa = PBXGroup;
			children = (
				3B2D5E7720AB1943009CBE47 /* AppDelegate.swift */,
				3B2D5E8320AB1943009CBE47 /* LaunchScreen.storyboard */,
			);
			path = SupportingFiles;
			sourceTree = "<group>";
		};
/* End PBXGroup section */

/* Begin PBXNativeTarget section */
		3B2D5E7320AB1943009CBE47 /* PlayingCard */ = {
			isa = PBXNativeTarget;
			buildConfigurationList = 3B2D5E8920AB1943009CBE47 /* Build configuration list for PBXNativeTarget "PlayingCard" */;
			buildPhases = (
				3B2D5E7020AB1943009CBE47 /* Sources */,
				3B2D5E7120AB1943009CBE47 /* Frameworks */,
				3B2D5E7220AB1943009CBE47 /* Resources */,
			);
			buildRules = (
			);
			dependencies = (
			);
			name = PlayingCard;
			productName = PlayingCard;
			productReference = 3B2D5E7420AB1943009CBE47 /* PlayingCard.app */;
			productType = "com.apple.product-type.application";
		};
/* End PBXNativeTarget section */

/* Begin PBXProject section */
		3B2D5E6C20AB1943009CBE47 /* Project object */ = {
			isa = PBXProject;
			attributes = {
				LastSwiftUpdateCheck = 0920;
				LastUpgradeCheck = 0930;
				ORGANIZATIONNAME = "Sonali Patel";
				TargetAttributes = {
					3B2D5E7320AB1943009CBE47 = {
						CreatedOnToolsVersion = 9.2;
						ProvisioningStyle = Automatic;
					};
				};
			};
			buildConfigurationList = 3B2D5E6F20AB1943009CBE47 /* Build configuration list for PBXProject "PlayingCard" */;
			compatibilityVersion = "Xcode 8.0";
			developmentRegion = en;
			hasScannedForEncodings = 0;
			knownRegions = (
				en,
				Base,
			);
			mainGroup = 3B2D5E6B20AB1943009CBE47;
			productRefGroup = 3B2D5E7520AB1943009CBE47 /* Products */;
			projectDirPath = "";
			projectRoot = "";
			targets = (
				3B2D5E7320AB1943009CBE47 /* PlayingCard */,
			);
		};
/* End PBXProject section */

/* Begin PBXResourcesBuildPhase section */
		3B2D5E7220AB1943009CBE47 /* Resources */ = {
			isa = PBXResourcesBuildPhase;
			buildActionMask = 2147483647;
			files = (
				3B2D5E8520AB1943009CBE47 /* LaunchScreen.storyboard in Resources */,
				3B2D5E8220AB1943009CBE47 /* Assets.xcassets in Resources */,
				3B2D5E7D20AB1943009CBE47 /* Main.storyboard in Resources */,
			);
			runOnlyForDeploymentPostprocessing = 0;
		};
/* End PBXResourcesBuildPhase section */

/* Begin PBXSourcesBuildPhase section */
		3B2D5E7020AB1943009CBE47 /* Sources */ = {
			isa = PBXSourcesBuildPhase;
			buildActionMask = 2147483647;
			files = (
				3B2D5E9620B5768C009CBE47 /* NewPlayingCardViewController.swift in Sources */,
				3B2D5E7A20AB1943009CBE47 /* ViewController.swift in Sources */,
				3B39A2FD20C4DF260052ECFE /* CMMotionManager+shared.swift in Sources */,
				3B2D5E7820AB1943009CBE47 /* AppDelegate.swift in Sources */,
				3B2D5E8F20AB1E7F009CBE47 /* PlayingCardDeck.swift in Sources */,
				3B2D5E9220B30A48009CBE47 /* PlayingCardView.swift in Sources */,
				3B2D5E8D20AB195E009CBE47 /* PlayingCard.swift in Sources */,
				3B2D5E9A20B5909D009CBE47 /* CardBehavior.swift in Sources */,
			);
			runOnlyForDeploymentPostprocessing = 0;
		};
/* End PBXSourcesBuildPhase section */

/* Begin PBXVariantGroup section */
		3B2D5E7B20AB1943009CBE47 /* Main.storyboard */ = {
			isa = PBXVariantGroup;
			children = (
				3B2D5E7C20AB1943009CBE47 /* Base */,
			);
			name = Main.storyboard;
			sourceTree = "<group>";
		};
		3B2D5E8320AB1943009CBE47 /* LaunchScreen.storyboard */ = {
			isa = PBXVariantGroup;
			children = (
				3B2D5E8420AB1943009CBE47 /* Base */,
			);
			name = LaunchScreen.storyboard;
			sourceTree = "<group>";
		};
/* End PBXVariantGroup section */

/* Begin XCBuildConfiguration section */
		3B2D5E8720AB1943009CBE47 /* Debug */ = {
			isa = XCBuildConfiguration;
			buildSettings = {
				ALWAYS_SEARCH_USER_PATHS = NO;
				CLANG_ANALYZER_NONNULL = YES;
				CLANG_ANALYZER_NUMBER_OBJECT_CONVERSION = YES_AGGRESSIVE;
				CLANG_CXX_LANGUAGE_STANDARD = "gnu++14";
				CLANG_CXX_LIBRARY = "libc++";
				CLANG_ENABLE_MODULES = YES;
				CLANG_ENABLE_OBJC_ARC = YES;
				CLANG_WARN_BLOCK_CAPTURE_AUTORELEASING = YES;
				CLANG_WARN_BOOL_CONVERSION = YES;
				CLANG_WARN_COMMA = YES;
				CLANG_WARN_CONSTANT_CONVERSION = YES;
				CLANG_WARN_DEPRECATED_OBJC_IMPLEMENTATIONS = YES;
				CLANG_WARN_DIRECT_OBJC_ISA_USAGE = YES_ERROR;
				CLANG_WARN_DOCUMENTATION_COMMENTS = YES;
				CLANG_WARN_EMPTY_BODY = YES;
				CLANG_WARN_ENUM_CONVERSION = YES;
				CLANG_WARN_INFINITE_RECURSION = YES;
				CLANG_WARN_INT_CONVERSION = YES;
				CLANG_WARN_NON_LITERAL_NULL_CONVERSION = YES;
				CLANG_WARN_OBJC_IMPLICIT_RETAIN_SELF = YES;
				CLANG_WARN_OBJC_LITERAL_CONVERSION = YES;
				CLANG_WARN_OBJC_ROOT_CLASS = YES_ERROR;
				CLANG_WARN_RANGE_LOOP_ANALYSIS = YES;
				CLANG_WARN_STRICT_PROTOTYPES = YES;
				CLANG_WARN_SUSPICIOUS_MOVE = YES;
				CLANG_WARN_UNGUARDED_AVAILABILITY = YES_AGGRESSIVE;
				CLANG_WARN_UNREACHABLE_CODE = YES;
				CLANG_WARN__DUPLICATE_METHOD_MATCH = YES;
				CODE_SIGN_IDENTITY = "iPhone Developer";
				COPY_PHASE_STRIP = NO;
				DEBUG_INFORMATION_FORMAT = dwarf;
				ENABLE_STRICT_OBJC_MSGSEND = YES;
				ENABLE_TESTABILITY = YES;
				GCC_C_LANGUAGE_STANDARD = gnu11;
				GCC_DYNAMIC_NO_PIC = NO;
				GCC_NO_COMMON_BLOCKS = YES;
				GCC_OPTIMIZATION_LEVEL = 0;
				GCC_PREPROCESSOR_DEFINITIONS = (
					"DEBUG=1",
					"$(inherited)",
				);
				GCC_WARN_64_TO_32_BIT_CONVERSION = YES;
				GCC_WARN_ABOUT_RETURN_TYPE = YES_ERROR;
				GCC_WARN_UNDECLARED_SELECTOR = YES;
				GCC_WARN_UNINITIALIZED_AUTOS = YES_AGGRESSIVE;
				GCC_WARN_UNUSED_FUNCTION = YES;
				GCC_WARN_UNUSED_VARIABLE = YES;
				IPHONEOS_DEPLOYMENT_TARGET = 11.2;
				MTL_ENABLE_DEBUG_INFO = YES;
				ONLY_ACTIVE_ARCH = YES;
				SDKROOT = iphoneos;
				SWIFT_ACTIVE_COMPILATION_CONDITIONS = DEBUG;
				SWIFT_OPTIMIZATION_LEVEL = "-Onone";
			};
			name = Debug;
		};
		3B2D5E8820AB1943009CBE47 /* Release */ = {
			isa = XCBuildConfiguration;
			buildSettings = {
				ALWAYS_SEARCH_USER_PATHS = NO;
				CLANG_ANALYZER_NONNULL = YES;
				CLANG_ANALYZER_NUMBER_OBJECT_CONVERSION = YES_AGGRESSIVE;
				CLANG_CXX_LANGUAGE_STANDARD = "gnu++14";
				CLANG_CXX_LIBRARY = "libc++";
				CLANG_ENABLE_MODULES = YES;
				CLANG_ENABLE_OBJC_ARC = YES;
				CLANG_WARN_BLOCK_CAPTURE_AUTORELEASING = YES;
				CLANG_WARN_BOOL_CONVERSION = YES;
				CLANG_WARN_COMMA = YES;
				CLANG_WARN_CONSTANT_CONVERSION = YES;
				CLANG_WARN_DEPRECATED_OBJC_IMPLEMENTATIONS = YES;
				CLANG_WARN_DIRECT_OBJC_ISA_USAGE = YES_ERROR;
				CLANG_WARN_DOCUMENTATION_COMMENTS = YES;
				CLANG_WARN_EMPTY_BODY = YES;
				CLANG_WARN_ENUM_CONVERSION = YES;
				CLANG_WARN_INFINITE_RECURSION = YES;
				CLANG_WARN_INT_CONVERSION = YES;
				CLANG_WARN_NON_LITERAL_NULL_CONVERSION = YES;
				CLANG_WARN_OBJC_IMPLICIT_RETAIN_SELF = YES;
				CLANG_WARN_OBJC_LITERAL_CONVERSION = YES;
				CLANG_WARN_OBJC_ROOT_CLASS = YES_ERROR;
				CLANG_WARN_RANGE_LOOP_ANALYSIS = YES;
				CLANG_WARN_STRICT_PROTOTYPES = YES;
				CLANG_WARN_SUSPICIOUS_MOVE = YES;
				CLANG_WARN_UNGUARDED_AVAILABILITY = YES_AGGRESSIVE;
				CLANG_WARN_UNREACHABLE_CODE = YES;
				CLANG_WARN__DUPLICATE_METHOD_MATCH = YES;
				CODE_SIGN_IDENTITY = "iPhone Developer";
				COPY_PHASE_STRIP = NO;
				DEBUG_INFORMATION_FORMAT = "dwarf-with-dsym";
				ENABLE_NS_ASSERTIONS = NO;
				ENABLE_STRICT_OBJC_MSGSEND = YES;
				GCC_C_LANGUAGE_STANDARD = gnu11;
				GCC_NO_COMMON_BLOCKS = YES;
				GCC_WARN_64_TO_32_BIT_CONVERSION = YES;
				GCC_WARN_ABOUT_RETURN_TYPE = YES_ERROR;
				GCC_WARN_UNDECLARED_SELECTOR = YES;
				GCC_WARN_UNINITIALIZED_AUTOS = YES_AGGRESSIVE;
				GCC_WARN_UNUSED_FUNCTION = YES;
				GCC_WARN_UNUSED_VARIABLE = YES;
				IPHONEOS_DEPLOYMENT_TARGET = 11.2;
				MTL_ENABLE_DEBUG_INFO = NO;
				SDKROOT = iphoneos;
				SWIFT_OPTIMIZATION_LEVEL = "-Owholemodule";
				VALIDATE_PRODUCT = YES;
			};
			name = Release;
		};
		3B2D5E8A20AB1943009CBE47 /* Debug */ = {
			isa = XCBuildConfiguration;
			buildSettings = {
				ASSETCATALOG_COMPILER_APPICON_NAME = AppIcon;
				CODE_SIGN_STYLE = Automatic;
				DEVELOPMENT_TEAM = 9TAUJ4K4VL;
				INFOPLIST_FILE = PlayingCard/Info.plist;
				LD_RUNPATH_SEARCH_PATHS = "$(inherited) @executable_path/Frameworks";
				PRODUCT_BUNDLE_IDENTIFIER = edu.self.developer.sonali.PlayingCard;
				PRODUCT_NAME = "$(TARGET_NAME)";
				SWIFT_VERSION = 4.0;
				TARGETED_DEVICE_FAMILY = "1,2";
			};
			name = Debug;
		};
		3B2D5E8B20AB1943009CBE47 /* Release */ = {
			isa = XCBuildConfiguration;
			buildSettings = {
				ASSETCATALOG_COMPILER_APPICON_NAME = AppIcon;
				CODE_SIGN_STYLE = Automatic;
				DEVELOPMENT_TEAM = 9TAUJ4K4VL;
				INFOPLIST_FILE = PlayingCard/Info.plist;
				LD_RUNPATH_SEARCH_PATHS = "$(inherited) @executable_path/Frameworks";
				PRODUCT_BUNDLE_IDENTIFIER = edu.self.developer.sonali.PlayingCard;
				PRODUCT_NAME = "$(TARGET_NAME)";
				SWIFT_VERSION = 4.0;
				TARGETED_DEVICE_FAMILY = "1,2";
			};
			name = Release;
		};
/* End XCBuildConfiguration section */

/* Begin XCConfigurationList section */
		3B2D5E6F20AB1943009CBE47 /* Build configuration list for PBXProject "PlayingCard" */ = {
			isa = XCConfigurationList;
			buildConfigurations = (
				3B2D5E8720AB1943009CBE47 /* Debug */,
				3B2D5E8820AB1943009CBE47 /* Release */,
			);
			defaultConfigurationIsVisible = 0;
			defaultConfigurationName = Release;
		};
		3B2D5E8920AB1943009CBE47 /* Build configuration list for PBXNativeTarget "PlayingCard" */ = {
			isa = XCConfigurationList;
			buildConfigurations = (
				3B2D5E8A20AB1943009CBE47 /* Debug */,
				3B2D5E8B20AB1943009CBE47 /* Release */,
			);
			defaultConfigurationIsVisible = 0;
			defaultConfigurationName = Release;
		};
/* End XCConfigurationList section */
	};
	rootObject = 3B2D5E6C20AB1943009CBE47 /* Project object */;
}
